
Microsoft Visual Studio Solution File, Format Version 12.00
# Visual Studio Version 16
VisualStudioVersion = 16.0.28803.352
MinimumVisualStudioVersion = 10.0.40219.1
Project("{FAE04EC0-301F-11D3-BF4B-00C04F79EFBC}") = "EOD.API", "EOD.API\EOD.API.csproj", "{80587930-AEAD-444A-BDF1-40420693565E}"
EndProject
Global
	GlobalSection(SolutionConfigurationPlatforms) = preSolution
		Debug|Any CPU = Debug|Any CPU
		Release|Any CPU = Release|Any CPU
	EndGlobalSection
	GlobalSection(ProjectConfigurationPlatforms) = postSolution
		{80587930-AEAD-444A-BDF1-40420693565E}.Debug|Any CPU.ActiveCfg = Debug|Any CPU
		{80587930-AEAD-444A-BDF1-40420693565E}.Debug|Any CPU.Build.0 = Debug|Any CPU
		{80587930-AEAD-444A-BDF1-40420693565E}.Release|Any CPU.ActiveCfg = Release|Any CPU
		{80587930-AEAD-444A-BDF1-40420693565E}.Release|Any CPU.Build.0 = Release|Any CPU
	EndGlobalSection
	GlobalSection(SolutionProperties) = preSolution
		HideSolutionNode = FALSE
	EndGlobalSection
	GlobalSection(ExtensibilityGlobals) = postSolution
		SolutionGuid = {96B90DCA-91B1-4384-9AE5-D7E4A2734B63}
	EndGlobalSection
EndGlobal
